<?xml version="1.0" encoding="utf-8"?>
<Project ToolsVersion="4.0" xmlns="http://schemas.microsoft.com/developer/msbuild/2003">
  <ItemGroup>
    <Filter Include="Managers">
      <UniqueIdentifier>{93995380-89BD-4b04-88EB-625FBE52EBFB}</UniqueIdentifier>
      <Extensions>h;hh;hpp;hxx;h++;hm;inl;inc;ipp;xsd</Extensions>
    </Filter>
    <Filter Include="GameFiles">
      <UniqueIdentifier>{4FC737F1-C7A5-4376-A066-2A32D752A2FF}</UniqueIdentifier>
      <Extensions>cpp;c;cc;cxx;c++;cppm;ixx;def;odl;idl;hpj;bat;asm;asmx</Extensions>
    </Filter>
    <Filter Include="Helpers">
      <UniqueIdentifier>{cc689c8d-e708-4ba9-950c-35ab5c2a9d8f}</UniqueIdentifier>
    </Filter>
    <Filter Include="Managers\Player">
      <UniqueIdentifier>{7411f2ea-8781-44c1-bfc4-ce9d82869468}</UniqueIdentifier>
    </Filter>
    <Filter Include="Managers\Texture">
      <UniqueIdentifier>{ce62dc27-5db8-4b87-aafb-bd395f4573a5}</UniqueIdentifier>
    </Filter>
    <Filter Include="Models">
      <UniqueIdentifier>{bad7ecd1-c51f-41a5-9b6b-86abab81d585}</UniqueIdentifier>
    </Filter>
    <Filter Include="Artifacts">
      <UniqueIdentifier>{e02c8a91-19d7-4eed-a450-fc59491fb4b2}</UniqueIdentifier>
    </Filter>
    <Filter Include="Artifacts\Entities">
      <UniqueIdentifier>{1c33205d-4947-421d-ad59-eaad93e657a7}</UniqueIdentifier>
    </Filter>
    <Filter Include="Artifacts\Weapons">
      <UniqueIdentifier>{898ff4ce-a0bf-4bf3-87cd-da0d57645de3}</UniqueIdentifier>
    </Filter>
  </ItemGroup>
  <ItemGroup>
    <ClCompile Include="Game.cpp">
      <Filter>GameFiles</Filter>
    </ClCompile>
    <ClCompile Include="main.cpp">
      <Filter>GameFiles</Filter>
    </ClCompile>
    <ClCompile Include="pch.cpp">
      <Filter>GameFiles</Filter>
    </ClCompile>
    <ClCompile Include="Cuphead.cpp">
      <Filter>Artifacts\Entities</Filter>
    </ClCompile>
    <ClCompile Include="Camera.cpp">
      <Filter>Helpers</Filter>
    </ClCompile>
    <ClCompile Include="ResourcesLinker.cpp">
      <Filter>Helpers</Filter>
    </ClCompile>
    <ClCompile Include="MovementManager.cpp">
      <Filter>Managers\Player</Filter>
    </ClCompile>
    <ClCompile Include="Texture2D.cpp">
      <Filter>Managers\Texture</Filter>
    </ClCompile>
    <ClCompile Include="WeaponsManager.cpp">
      <Filter>Managers\Player</Filter>
    </ClCompile>
    <ClCompile Include="StageManager.cpp">
      <Filter>Managers</Filter>
    </ClCompile>
    <ClCompile Include="Sprite.cpp">
      <Filter>Managers\Texture</Filter>
    </ClCompile>
    <ClCompile Include="Constants.cpp">
      <Filter>Helpers</Filter>
    </ClCompile>
    <ClCompile Include="StageManagerInit.cpp">
      <Filter>Managers</Filter>
    </ClCompile>
    <ClCompile Include="Entity.cpp">
      <Filter>Artifacts</Filter>
    </ClCompile>
    <ClCompile Include="NonInterractableProp.cpp">
      <Filter>Artifacts</Filter>
    </ClCompile>
    <ClCompile Include="TexturedModel.cpp">
      <Filter>Artifacts</Filter>
    </ClCompile>
    <ClCompile Include="KeysState.cpp">
      <Filter>Models</Filter>
    </ClCompile>
    <ClCompile Include="Pattern.cpp">
      <Filter>Managers\Texture</Filter>
    </ClCompile>
    <ClCompile Include="PlatformManager.cpp">
      <Filter>Managers</Filter>
    </ClCompile>
    <ClCompile Include="AnimationQueue.cpp">
      <Filter>Managers\Texture</Filter>
    </ClCompile>
    <ClCompile Include="Weapon.cpp">
      <Filter>Artifacts\Weapons</Filter>
    </ClCompile>
    <ClCompile Include="Projectile.cpp">
      <Filter>Artifacts\Weapons</Filter>
    </ClCompile>
    <ClCompile Include="Peashooter.cpp">
      <Filter>Artifacts\Weapons</Filter>
    </ClCompile>
    <ClCompile Include="Spread.cpp">
      <Filter>Artifacts\Weapons</Filter>
    </ClCompile>
    <ClCompile Include="Toyduck.cpp">
      <Filter>Artifacts\Entities</Filter>
    </ClCompile>
    <ClCompile Include="SpriteSettings.cpp">
      <Filter>Models</Filter>
    </ClCompile>
    <ClCompile Include="PatternSettings.cpp">
      <Filter>Models</Filter>
    </ClCompile>
    <ClCompile Include="HUDManager.cpp">
      <Filter>Managers</Filter>
    </ClCompile>
    <ClCompile Include="SpriteManager.cpp">
      <Filter>Managers\Texture</Filter>
    </ClCompile>
    <ClCompile Include="CollisionManager.cpp">
      <Filter>Managers</Filter>
    </ClCompile>
    <ClCompile Include="CollidableEntity.cpp">
      <Filter>Artifacts</Filter>
    </ClCompile>
    <ClCompile Include="TextureInfo.cpp">
      <Filter>Models</Filter>
    </ClCompile>
    <ClCompile Include="CollisionCircle.cpp">
      <Filter>Models</Filter>
    </ClCompile>
    <ClCompile Include="CollisionInfo.cpp">
      <Filter>Models</Filter>
    </ClCompile>
  </ItemGroup>
  <ItemGroup>
    <ClInclude Include="Cuphead.h">
      <Filter>Artifacts\Entities</Filter>
    </ClInclude>
    <ClInclude Include="Game.h">
      <Filter>GameFiles</Filter>
    </ClInclude>
    <ClInclude Include="pch.h">
      <Filter>GameFiles</Filter>
    </ClInclude>
    <ClInclude Include="ResourcesLinker.h">
      <Filter>Helpers</Filter>
    </ClInclude>
    <ClInclude Include="Camera.h">
      <Filter>Helpers</Filter>
    </ClInclude>
    <ClInclude Include="MovementManager.h">
      <Filter>Managers\Player</Filter>
    </ClInclude>
    <ClInclude Include="Texture2D.h">
      <Filter>Managers\Texture</Filter>
    </ClInclude>
    <ClInclude Include="WeaponsManager.h">
      <Filter>Managers\Player</Filter>
    </ClInclude>
    <ClInclude Include="StageManager.h">
      <Filter>Managers</Filter>
    </ClInclude>
    <ClInclude Include="PlatformManager.h">
      <Filter>Managers</Filter>
    </ClInclude>
    <ClInclude Include="Sprite.h">
      <Filter>Managers\Texture</Filter>
    </ClInclude>
    <ClInclude Include="Constants.h">
      <Filter>Helpers</Filter>
    </ClInclude>
    <ClInclude Include="Entity.h">
      <Filter>Artifacts</Filter>
    </ClInclude>
    <ClInclude Include="NonInterractableProp.h">
      <Filter>Artifacts</Filter>
    </ClInclude>
    <ClInclude Include="TexturedModel.h">
      <Filter>Artifacts</Filter>
    </ClInclude>
    <ClInclude Include="KeysState.h">
      <Filter>Models</Filter>
    </ClInclude>
    <ClInclude Include="Pattern.h">
      <Filter>Managers\Texture</Filter>
    </ClInclude>
    <ClInclude Include="AnimationQueue.h">
      <Filter>Managers\Texture</Filter>
    </ClInclude>
    <ClInclude Include="Weapon.h">
      <Filter>Artifacts\Weapons</Filter>
    </ClInclude>
    <ClInclude Include="Projectile.h">
      <Filter>Artifacts\Weapons</Filter>
    </ClInclude>
    <ClInclude Include="Peashooter.h">
      <Filter>Artifacts\Weapons</Filter>
    </ClInclude>
    <ClInclude Include="Spread.h">
      <Filter>Artifacts\Weapons</Filter>
    </ClInclude>
    <ClInclude Include="Toyduck.h">
      <Filter>Artifacts\Entities</Filter>
    </ClInclude>
    <ClInclude Include="SpriteSettings.h">
      <Filter>Models</Filter>
    </ClInclude>
    <ClInclude Include="PatternSettings.h">
      <Filter>Models</Filter>
    </ClInclude>
    <ClInclude Include="HUDManager.h">
      <Filter>Managers</Filter>
    </ClInclude>
    <ClInclude Include="SpriteManager.h">
      <Filter>Managers\Texture</Filter>
    </ClInclude>
    <ClInclude Include="CollisionManager.h">
      <Filter>Managers</Filter>
    </ClInclude>
    <ClInclude Include="CollidableEntity.h">
      <Filter>Artifacts</Filter>
    </ClInclude>
    <ClInclude Include="TextureInfo.h">
      <Filter>Models</Filter>
    </ClInclude>
    <ClInclude Include="CollisionCircle.h">
      <Filter>Models</Filter>
    </ClInclude>
    <ClInclude Include="CollisionInfo.h">
      <Filter>Models</Filter>
    </ClInclude>
  </ItemGroup>
</Project>